
Microsoft Visual Studio Solution File, Format Version 12.00
# Visual Studio Version 17
VisualStudioVersion = 17.4.33213.308
MinimumVisualStudioVersion = 10.0.40219.1
Project("{FAE04EC0-301F-11D3-BF4B-00C04F79EFBC}") = "Web App", "Web App\Web App.csproj", "{B8C53AA8-4A85-4D5D-B7C8-5B9556EEFC7D}"
EndProject
Global
	GlobalSection(SolutionConfigurationPlatforms) = preSolution
		Debug|Any CPU = Debug|Any CPU
		Release|Any CPU = Release|Any CPU
	EndGlobalSection
	GlobalSection(ProjectConfigurationPlatforms) = postSolution
		{B8C53AA8-4A85-4D5D-B7C8-5B9556EEFC7D}.Debug|Any CPU.ActiveCfg = Debug|Any CPU
		{B8C53AA8-4A85-4D5D-B7C8-5B9556EEFC7D}.Debug|Any CPU.Build.0 = Debug|Any CPU
		{B8C53AA8-4A85-4D5D-B7C8-5B9556EEFC7D}.Release|Any CPU.ActiveCfg = Release|Any CPU
		{B8C53AA8-4A85-4D5D-B7C8-5B9556EEFC7D}.Release|Any CPU.Build.0 = Release|Any CPU
	EndGlobalSection
	GlobalSection(SolutionProperties) = preSolution
		HideSolutionNode = FALSE
	EndGlobalSection
	GlobalSection(ExtensibilityGlobals) = postSolution
		SolutionGuid = {68D068E6-AAB6-4AAA-84E7-400B8D6D490B}
	EndGlobalSection
EndGlobal
